// !$*UTF8*$!
{
	archiveVersion = 1;
	classes = {
	};
	objectVersion = 50;
	objects = {

/* Begin PBXBuildFile section */
		6ABD298C2641959B00DC60C3 /* AppDelegate.swift in Sources */ = {isa = PBXBuildFile; fileRef = 6ABD298B2641959B00DC60C3 /* AppDelegate.swift */; };
		6ABD298E2641959B00DC60C3 /* GameScene.sks in Resources */ = {isa = PBXBuildFile; fileRef = 6ABD298D2641959B00DC60C3 /* GameScene.sks */; };
		6ABD29902641959B00DC60C3 /* Actions.sks in Resources */ = {isa = PBXBuildFile; fileRef = 6ABD298F2641959B00DC60C3 /* Actions.sks */; };
		6ABD29922641959B00DC60C3 /* GameScene.swift in Sources */ = {isa = PBXBuildFile; fileRef = 6ABD29912641959B00DC60C3 /* GameScene.swift */; };
		6ABD29942641959B00DC60C3 /* GameViewController.swift in Sources */ = {isa = PBXBuildFile; fileRef = 6ABD29932641959B00DC60C3 /* GameViewController.swift */; };
		6ABD29972641959B00DC60C3 /* Main.storyboard in Resources */ = {isa = PBXBuildFile; fileRef = 6ABD29952641959B00DC60C3 /* Main.storyboard */; };
		6ABD29992641959C00DC60C3 /* Assets.xcassets in Resources */ = {isa = PBXBuildFile; fileRef = 6ABD29982641959C00DC60C3 /* Assets.xcassets */; };
		6ABD29A42641959C00DC60C3 /* DungeonFinalTests.swift in Sources */ = {isa = PBXBuildFile; fileRef = 6ABD29A32641959C00DC60C3 /* DungeonFinalTests.swift */; };
		6ABD29AF2641959C00DC60C3 /* DungeonFinalUITests.swift in Sources */ = {isa = PBXBuildFile; fileRef = 6ABD29AE2641959C00DC60C3 /* DungeonFinalUITests.swift */; };
/* End PBXBuildFile section */

/* Begin PBXContainerItemProxy section */
		6ABD29A02641959C00DC60C3 /* PBXContainerItemProxy */ = {
			isa = PBXContainerItemProxy;
			containerPortal = 6ABD29802641959B00DC60C3 /* Project object */;
			proxyType = 1;
			remoteGlobalIDString = 6ABD29872641959B00DC60C3;
			remoteInfo = DungeonFinal;
		};
		6ABD29AB2641959C00DC60C3 /* PBXContainerItemProxy */ = {
			isa = PBXContainerItemProxy;
			containerPortal = 6ABD29802641959B00DC60C3 /* Project object */;
			proxyType = 1;
			remoteGlobalIDString = 6ABD29872641959B00DC60C3;
			remoteInfo = DungeonFinal;
		};
/* End PBXContainerItemProxy section */

/* Begin PBXFileReference section */
		6ABD29882641959B00DC60C3 /* DungeonFinal.app */ = {isa = PBXFileReference; explicitFileType = wrapper.application; includeInIndex = 0; path = DungeonFinal.app; sourceTree = BUILT_PRODUCTS_DIR; };
		6ABD298B2641959B00DC60C3 /* AppDelegate.swift */ = {isa = PBXFileReference; lastKnownFileType = sourcecode.swift; path = AppDelegate.swift; sourceTree = "<group>"; };
		6ABD298D2641959B00DC60C3 /* GameScene.sks */ = {isa = PBXFileReference; lastKnownFileType = file.sks; path = GameScene.sks; sourceTree = "<group>"; };
		6ABD298F2641959B00DC60C3 /* Actions.sks */ = {isa = PBXFileReference; lastKnownFileType = file.sks; path = Actions.sks; sourceTree = "<group>"; };
		6ABD29912641959B00DC60C3 /* GameScene.swift */ = {isa = PBXFileReference; lastKnownFileType = sourcecode.swift; path = GameScene.swift; sourceTree = "<group>"; };
		6ABD29932641959B00DC60C3 /* GameViewController.swift */ = {isa = PBXFileReference; lastKnownFileType = sourcecode.swift; path = GameViewController.swift; sourceTree = "<group>"; };
		6ABD29962641959B00DC60C3 /* Base */ = {isa = PBXFileReference; lastKnownFileType = file.storyboard; name = Base; path = Base.lproj/Main.storyboard; sourceTree = "<group>"; };
		6ABD29982641959C00DC60C3 /* Assets.xcassets */ = {isa = PBXFileReference; lastKnownFileType = folder.assetcatalog; path = Assets.xcassets; sourceTree = "<group>"; };
		6ABD299A2641959C00DC60C3 /* Info.plist */ = {isa = PBXFileReference; lastKnownFileType = text.plist.xml; path = Info.plist; sourceTree = "<group>"; };
		6ABD299F2641959C00DC60C3 /* DungeonFinalTests.xctest */ = {isa = PBXFileReference; explicitFileType = wrapper.cfbundle; includeInIndex = 0; path = DungeonFinalTests.xctest; sourceTree = BUILT_PRODUCTS_DIR; };
		6ABD29A32641959C00DC60C3 /* DungeonFinalTests.swift */ = {isa = PBXFileReference; lastKnownFileType = sourcecode.swift; path = DungeonFinalTests.swift; sourceTree = "<group>"; };
		6ABD29A52641959C00DC60C3 /* Info.plist */ = {isa = PBXFileReference; lastKnownFileType = text.plist.xml; path = Info.plist; sourceTree = "<group>"; };
		6ABD29AA2641959C00DC60C3 /* DungeonFinalUITests.xctest */ = {isa = PBXFileReference; explicitFileType = wrapper.cfbundle; includeInIndex = 0; path = DungeonFinalUITests.xctest; sourceTree = BUILT_PRODUCTS_DIR; };
		6ABD29AE2641959C00DC60C3 /* DungeonFinalUITests.swift */ = {isa = PBXFileReference; lastKnownFileType = sourcecode.swift; path = DungeonFinalUITests.swift; sourceTree = "<group>"; };
		6ABD29B02641959C00DC60C3 /* Info.plist */ = {isa = PBXFileReference; lastKnownFileType = text.plist.xml; path = Info.plist; sourceTree = "<group>"; };
/* End PBXFileReference section */

/* Begin PBXFrameworksBuildPhase section */
		6ABD29852641959B00DC60C3 /* Frameworks */ = {
			isa = PBXFrameworksBuildPhase;
			buildActionMask = 2147483647;
			files = (
			);
			runOnlyForDeploymentPostprocessing = 0;
		};
		6ABD299C2641959C00DC60C3 /* Frameworks */ = {
			isa = PBXFrameworksBuildPhase;
			buildActionMask = 2147483647;
			files = (
			);
			runOnlyForDeploymentPostprocessing = 0;
		};
		6ABD29A72641959C00DC60C3 /* Frameworks */ = {
			isa = PBXFrameworksBuildPhase;
			buildActionMask = 2147483647;
			files = (
			);
			runOnlyForDeploymentPostprocessing = 0;
		};
/* End PBXFrameworksBuildPhase section */

/* Begin PBXGroup section */
		6ABD297F2641959B00DC60C3 = {
			isa = PBXGroup;
			children = (
				6ABD298A2641959B00DC60C3 /* DungeonFinal */,
				6ABD29A22641959C00DC60C3 /* DungeonFinalTests */,
				6ABD29AD2641959C00DC60C3 /* DungeonFinalUITests */,
				6ABD29892641959B00DC60C3 /* Products */,
			);
			sourceTree = "<group>";
		};
		6ABD29892641959B00DC60C3 /* Products */ = {
			isa = PBXGroup;
			children = (
				6ABD29882641959B00DC60C3 /* DungeonFinal.app */,
				6ABD299F2641959C00DC60C3 /* DungeonFinalTests.xctest */,
				6ABD29AA2641959C00DC60C3 /* DungeonFinalUITests.xctest */,
			);
			name = Products;
			sourceTree = "<group>";
		};
		6ABD298A2641959B00DC60C3 /* DungeonFinal */ = {
			isa = PBXGroup;
			children = (
				6ABD298B2641959B00DC60C3 /* AppDelegate.swift */,
				6ABD298D2641959B00DC60C3 /* GameScene.sks */,
				6ABD298F2641959B00DC60C3 /* Actions.sks */,
				6ABD29912641959B00DC60C3 /* GameScene.swift */,
				6ABD29932641959B00DC60C3 /* GameViewController.swift */,
				6ABD29952641959B00DC60C3 /* Main.storyboard */,
				6ABD29982641959C00DC60C3 /* Assets.xcassets */,
				6ABD299A2641959C00DC60C3 /* Info.plist */,
			);
			path = DungeonFinal;
			sourceTree = "<group>";
		};
		6ABD29A22641959C00DC60C3 /* DungeonFinalTests */ = {
			isa = PBXGroup;
			children = (
				6ABD29A32641959C00DC60C3 /* DungeonFinalTests.swift */,
				6ABD29A52641959C00DC60C3 /* Info.plist */,
			);
			path = DungeonFinalTests;
			sourceTree = "<group>";
		};
		6ABD29AD2641959C00DC60C3 /* DungeonFinalUITests */ = {
			isa = PBXGroup;
			children = (
				6ABD29AE2641959C00DC60C3 /* DungeonFinalUITests.swift */,
				6ABD29B02641959C00DC60C3 /* Info.plist */,
			);
			path = DungeonFinalUITests;
			sourceTree = "<group>";
		};
/* End PBXGroup section */

/* Begin PBXNativeTarget section */
		6ABD29872641959B00DC60C3 /* DungeonFinal */ = {
			isa = PBXNativeTarget;
			buildConfigurationList = 6ABD29B32641959C00DC60C3 /* Build configuration list for PBXNativeTarget "DungeonFinal" */;
			buildPhases = (
				6ABD29842641959B00DC60C3 /* Sources */,
				6ABD29852641959B00DC60C3 /* Frameworks */,
				6ABD29862641959B00DC60C3 /* Resources */,
			);
			buildRules = (
			);
			dependencies = (
			);
			name = DungeonFinal;
			productName = DungeonFinal;
			productReference = 6ABD29882641959B00DC60C3 /* DungeonFinal.app */;
			productType = "com.apple.product-type.application";
		};
		6ABD299E2641959C00DC60C3 /* DungeonFinalTests */ = {
			isa = PBXNativeTarget;
			buildConfigurationList = 6ABD29B62641959C00DC60C3 /* Build configuration list for PBXNativeTarget "DungeonFinalTests" */;
			buildPhases = (
				6ABD299B2641959C00DC60C3 /* Sources */,
				6ABD299C2641959C00DC60C3 /* Frameworks */,
				6ABD299D2641959C00DC60C3 /* Resources */,
			);
			buildRules = (
			);
			dependencies = (
				6ABD29A12641959C00DC60C3 /* PBXTargetDependency */,
			);
			name = DungeonFinalTests;
			productName = DungeonFinalTests;
			productReference = 6ABD299F2641959C00DC60C3 /* DungeonFinalTests.xctest */;
			productType = "com.apple.product-type.bundle.unit-test";
		};
		6ABD29A92641959C00DC60C3 /* DungeonFinalUITests */ = {
			isa = PBXNativeTarget;
			buildConfigurationList = 6ABD29B92641959C00DC60C3 /* Build configuration list for PBXNativeTarget "DungeonFinalUITests" */;
			buildPhases = (
				6ABD29A62641959C00DC60C3 /* Sources */,
				6ABD29A72641959C00DC60C3 /* Frameworks */,
				6ABD29A82641959C00DC60C3 /* Resources */,
			);
			buildRules = (
			);
			dependencies = (
				6ABD29AC2641959C00DC60C3 /* PBXTargetDependency */,
			);
			name = DungeonFinalUITests;
			productName = DungeonFinalUITests;
			productReference = 6ABD29AA2641959C00DC60C3 /* DungeonFinalUITests.xctest */;
			productType = "com.apple.product-type.bundle.ui-testing";
		};
/* End PBXNativeTarget section */

/* Begin PBXProject section */
		6ABD29802641959B00DC60C3 /* Project object */ = {
			isa = PBXProject;
			attributes = {
				LastSwiftUpdateCheck = 1250;
				LastUpgradeCheck = 1250;
				TargetAttributes = {
					6ABD29872641959B00DC60C3 = {
						CreatedOnToolsVersion = 12.5;
					};
					6ABD299E2641959C00DC60C3 = {
						CreatedOnToolsVersion = 12.5;
						TestTargetID = 6ABD29872641959B00DC60C3;
					};
					6ABD29A92641959C00DC60C3 = {
						CreatedOnToolsVersion = 12.5;
						TestTargetID = 6ABD29872641959B00DC60C3;
					};
				};
			};
			buildConfigurationList = 6ABD29832641959B00DC60C3 /* Build configuration list for PBXProject "DungeonFinal" */;
			compatibilityVersion = "Xcode 9.3";
			developmentRegion = en;
			hasScannedForEncodings = 0;
			knownRegions = (
				en,
				Base,
			);
			mainGroup = 6ABD297F2641959B00DC60C3;
			productRefGroup = 6ABD29892641959B00DC60C3 /* Products */;
			projectDirPath = "";
			projectRoot = "";
			targets = (
				6ABD29872641959B00DC60C3 /* DungeonFinal */,
				6ABD299E2641959C00DC60C3 /* DungeonFinalTests */,
				6ABD29A92641959C00DC60C3 /* DungeonFinalUITests */,
			);
		};
/* End PBXProject section */

/* Begin PBXResourcesBuildPhase section */
		6ABD29862641959B00DC60C3 /* Resources */ = {
			isa = PBXResourcesBuildPhase;
			buildActionMask = 2147483647;
			files = (
				6ABD29972641959B00DC60C3 /* Main.storyboard in Resources */,
				6ABD298E2641959B00DC60C3 /* GameScene.sks in Resources */,
				6ABD29992641959C00DC60C3 /* Assets.xcassets in Resources */,
				6ABD29902641959B00DC60C3 /* Actions.sks in Resources */,
			);
			runOnlyForDeploymentPostprocessing = 0;
		};
		6ABD299D2641959C00DC60C3 /* Resources */ = {
			isa = PBXResourcesBuildPhase;
			buildActionMask = 2147483647;
			files = (
			);
			runOnlyForDeploymentPostprocessing = 0;
		};
		6ABD29A82641959C00DC60C3 /* Resources */ = {
			isa = PBXResourcesBuildPhase;
			buildActionMask = 2147483647;
			files = (
			);
			runOnlyForDeploymentPostprocessing = 0;
		};
/* End PBXResourcesBuildPhase section */

/* Begin PBXSourcesBuildPhase section */
		6ABD29842641959B00DC60C3 /* Sources */ = {
			isa = PBXSourcesBuildPhase;
			buildActionMask = 2147483647;
			files = (
				6ABD29922641959B00DC60C3 /* GameScene.swift in Sources */,
				6ABD29942641959B00DC60C3 /* GameViewController.swift in Sources */,
				6ABD298C2641959B00DC60C3 /* AppDelegate.swift in Sources */,
			);
			runOnlyForDeploymentPostprocessing = 0;
		};
		6ABD299B2641959C00DC60C3 /* Sources */ = {
			isa = PBXSourcesBuildPhase;
			buildActionMask = 2147483647;
			files = (
				6ABD29A42641959C00DC60C3 /* DungeonFinalTests.swift in Sources */,
			);
			runOnlyForDeploymentPostprocessing = 0;
		};
		6ABD29A62641959C00DC60C3 /* Sources */ = {
			isa = PBXSourcesBuildPhase;
			buildActionMask = 2147483647;
			files = (
				6ABD29AF2641959C00DC60C3 /* DungeonFinalUITests.swift in Sources */,
			);
			runOnlyForDeploymentPostprocessing = 0;
		};
/* End PBXSourcesBuildPhase section */

/* Begin PBXTargetDependency section */
		6ABD29A12641959C00DC60C3 /* PBXTargetDependency */ = {
			isa = PBXTargetDependency;
			target = 6ABD29872641959B00DC60C3 /* DungeonFinal */;
			targetProxy = 6ABD29A02641959C00DC60C3 /* PBXContainerItemProxy */;
		};
		6ABD29AC2641959C00DC60C3 /* PBXTargetDependency */ = {
			isa = PBXTargetDependency;
			target = 6ABD29872641959B00DC60C3 /* DungeonFinal */;
			targetProxy = 6ABD29AB2641959C00DC60C3 /* PBXContainerItemProxy */;
		};
/* End PBXTargetDependency section */

/* Begin PBXVariantGroup section */
		6ABD29952641959B00DC60C3 /* Main.storyboard */ = {
			isa = PBXVariantGroup;
			children = (
				6ABD29962641959B00DC60C3 /* Base */,
			);
			name = Main.storyboard;
			sourceTree = "<group>";
		};
/* End PBXVariantGroup section */

/* Begin XCBuildConfiguration section */
		6ABD29B12641959C00DC60C3 /* Debug */ = {
			isa = XCBuildConfiguration;
			buildSettings = {
				ALWAYS_SEARCH_USER_PATHS = NO;
				CLANG_ANALYZER_NONNULL = YES;
				CLANG_ANALYZER_NUMBER_OBJECT_CONVERSION = YES_AGGRESSIVE;
				CLANG_CXX_LANGUAGE_STANDARD = "gnu++14";
				CLANG_CXX_LIBRARY = "libc++";
				CLANG_ENABLE_MODULES = YES;
				CLANG_ENABLE_OBJC_ARC = YES;
				CLANG_ENABLE_OBJC_WEAK = YES;
				CLANG_WARN_BLOCK_CAPTURE_AUTORELEASING = YES;
				CLANG_WARN_BOOL_CONVERSION = YES;
				CLANG_WARN_COMMA = YES;
				CLANG_WARN_CONSTANT_CONVERSION = YES;
				CLANG_WARN_DEPRECATED_OBJC_IMPLEMENTATIONS = YES;
				CLANG_WARN_DIRECT_OBJC_ISA_USAGE = YES_ERROR;
				CLANG_WARN_DOCUMENTATION_COMMENTS = YES;
				CLANG_WARN_EMPTY_BODY = YES;
				CLANG_WARN_ENUM_CONVERSION = YES;
				CLANG_WARN_INFINITE_RECURSION = YES;
				CLANG_WARN_INT_CONVERSION = YES;
				CLANG_WARN_NON_LITERAL_NULL_CONVERSION = YES;
				CLANG_WARN_OBJC_IMPLICIT_RETAIN_SELF = YES;
				CLANG_WARN_OBJC_LITERAL_CONVERSION = YES;
				CLANG_WARN_OBJC_ROOT_CLASS = YES_ERROR;
				CLANG_WARN_QUOTED_INCLUDE_IN_FRAMEWORK_HEADER = YES;
				CLANG_WARN_RANGE_LOOP_ANALYSIS = YES;
				CLANG_WARN_STRICT_PROTOTYPES = YES;
				CLANG_WARN_SUSPICIOUS_MOVE = YES;
				CLANG_WARN_UNGUARDED_AVAILABILITY = YES_AGGRESSIVE;
				CLANG_WARN_UNREACHABLE_CODE = YES;
				CLANG_WARN__DUPLICATE_METHOD_MATCH = YES;
				COPY_PHASE_STRIP = NO;
				DEBUG_INFORMATION_FORMAT = dwarf;
				ENABLE_STRICT_OBJC_MSGSEND = YES;
				ENABLE_TESTABILITY = YES;
				GCC_C_LANGUAGE_STANDARD = gnu11;
				GCC_DYNAMIC_NO_PIC = NO;
				GCC_NO_COMMON_BLOCKS = YES;
				GCC_OPTIMIZATION_LEVEL = 0;
				GCC_PREPROCESSOR_DEFINITIONS = (
					"DEBUG=1",
					"$(inherited)",
				);
				GCC_WARN_64_TO_32_BIT_CONVERSION = YES;
				GCC_WARN_ABOUT_RETURN_TYPE = YES_ERROR;
				GCC_WARN_UNDECLARED_SELECTOR = YES;
				GCC_WARN_UNINITIALIZED_AUTOS = YES_AGGRESSIVE;
				GCC_WARN_UNUSED_FUNCTION = YES;
				GCC_WARN_UNUSED_VARIABLE = YES;
				IPHONEOS_DEPLOYMENT_TARGET = 14.5;
				MTL_ENABLE_DEBUG_INFO = INCLUDE_SOURCE;
				MTL_FAST_MATH = YES;
				ONLY_ACTIVE_ARCH = YES;
				SDKROOT = iphoneos;
				SWIFT_ACTIVE_COMPILATION_CONDITIONS = DEBUG;
				SWIFT_OPTIMIZATION_LEVEL = "-Onone";
			};
			name = Debug;
		};
		6ABD29B22641959C00DC60C3 /* Release */ = {
			isa = XCBuildConfiguration;
			buildSettings = {
				ALWAYS_SEARCH_USER_PATHS = NO;
				CLANG_ANALYZER_NONNULL = YES;
				CLANG_ANALYZER_NUMBER_OBJECT_CONVERSION = YES_AGGRESSIVE;
				CLANG_CXX_LANGUAGE_STANDARD = "gnu++14";
				CLANG_CXX_LIBRARY = "libc++";
				CLANG_ENABLE_MODULES = YES;
				CLANG_ENABLE_OBJC_ARC = YES;
				CLANG_ENABLE_OBJC_WEAK = YES;
				CLANG_WARN_BLOCK_CAPTURE_AUTORELEASING = YES;
				CLANG_WARN_BOOL_CONVERSION = YES;
				CLANG_WARN_COMMA = YES;
				CLANG_WARN_CONSTANT_CONVERSION = YES;
				CLANG_WARN_DEPRECATED_OBJC_IMPLEMENTATIONS = YES;
				CLANG_WARN_DIRECT_OBJC_ISA_USAGE = YES_ERROR;
				CLANG_WARN_DOCUMENTATION_COMMENTS = YES;
				CLANG_WARN_EMPTY_BODY = YES;
				CLANG_WARN_ENUM_CONVERSION = YES;
				CLANG_WARN_INFINITE_RECURSION = YES;
				CLANG_WARN_INT_CONVERSION = YES;
				CLANG_WARN_NON_LITERAL_NULL_CONVERSION = YES;
				CLANG_WARN_OBJC_IMPLICIT_RETAIN_SELF = YES;
				CLANG_WARN_OBJC_LITERAL_CONVERSION = YES;
				CLANG_WARN_OBJC_ROOT_CLASS = YES_ERROR;
				CLANG_WARN_QUOTED_INCLUDE_IN_FRAMEWORK_HEADER = YES;
				CLANG_WARN_RANGE_LOOP_ANALYSIS = YES;
				CLANG_WARN_STRICT_PROTOTYPES = YES;
				CLANG_WARN_SUSPICIOUS_MOVE = YES;
				CLANG_WARN_UNGUARDED_AVAILABILITY = YES_AGGRESSIVE;
				CLANG_WARN_UNREACHABLE_CODE = YES;
				CLANG_WARN__DUPLICATE_METHOD_MATCH = YES;
				COPY_PHASE_STRIP = NO;
				DEBUG_INFORMATION_FORMAT = "dwarf-with-dsym";
				ENABLE_NS_ASSERTIONS = NO;
				ENABLE_STRICT_OBJC_MSGSEND = YES;
				GCC_C_LANGUAGE_STANDARD = gnu11;
				GCC_NO_COMMON_BLOCKS = YES;
				GCC_WARN_64_TO_32_BIT_CONVERSION = YES;
				GCC_WARN_ABOUT_RETURN_TYPE = YES_ERROR;
				GCC_WARN_UNDECLARED_SELECTOR = YES;
				GCC_WARN_UNINITIALIZED_AUTOS = YES_AGGRESSIVE;
				GCC_WARN_UNUSED_FUNCTION = YES;
				GCC_WARN_UNUSED_VARIABLE = YES;
				IPHONEOS_DEPLOYMENT_TARGET = 14.5;
				MTL_ENABLE_DEBUG_INFO = NO;
				MTL_FAST_MATH = YES;
				SDKROOT = iphoneos;
				SWIFT_COMPILATION_MODE = wholemodule;
				SWIFT_OPTIMIZATION_LEVEL = "-O";
				VALIDATE_PRODUCT = YES;
			};
			name = Release;
		};
		6ABD29B42641959C00DC60C3 /* Debug */ = {
			isa = XCBuildConfiguration;
			buildSettings = {
				ASSETCATALOG_COMPILER_APPICON_NAME = AppIcon;
				ASSETCATALOG_COMPILER_GLOBAL_ACCENT_COLOR_NAME = AccentColor;
				CODE_SIGN_STYLE = Automatic;
				INFOPLIST_FILE = DungeonFinal/Info.plist;
				LD_RUNPATH_SEARCH_PATHS = (
					"$(inherited)",
					"@executable_path/Frameworks",
				);
				PRODUCT_BUNDLE_IDENTIFIER = me.nolan.DungeonFinal;
				PRODUCT_NAME = "$(TARGET_NAME)";
				SWIFT_VERSION = 5.0;
				TARGETED_DEVICE_FAMILY = "1,2";
			};
			name = Debug;
		};
		6ABD29B52641959C00DC60C3 /* Release */ = {
			isa = XCBuildConfiguration;
			buildSettings = {
				ASSETCATALOG_COMPILER_APPICON_NAME = AppIcon;
				ASSETCATALOG_COMPILER_GLOBAL_ACCENT_COLOR_NAME = AccentColor;
				CODE_SIGN_STYLE = Automatic;
				INFOPLIST_FILE = DungeonFinal/Info.plist;
				LD_RUNPATH_SEARCH_PATHS = (
					"$(inherited)",
					"@executable_path/Frameworks",
				);
				PRODUCT_BUNDLE_IDENTIFIER = me.nolan.DungeonFinal;
				PRODUCT_NAME = "$(TARGET_NAME)";
				SWIFT_VERSION = 5.0;
				TARGETED_DEVICE_FAMILY = "1,2";
			};
			name = Release;
		};
		6ABD29B72641959C00DC60C3 /* Debug */ = {
			isa = XCBuildConfiguration;
			buildSettings = {
				ALWAYS_EMBED_SWIFT_STANDARD_LIBRARIES = YES;
				BUNDLE_LOADER = "$(TEST_HOST)";
				CODE_SIGN_STYLE = Automatic;
				INFOPLIST_FILE = DungeonFinalTests/Info.plist;
				IPHONEOS_DEPLOYMENT_TARGET = 14.5;
				LD_RUNPATH_SEARCH_PATHS = (
					"$(inherited)",
					"@executable_path/Frameworks",
					"@loader_path/Frameworks",
				);
				PRODUCT_BUNDLE_IDENTIFIER = me.nolan.DungeonFinalTests;
				PRODUCT_NAME = "$(TARGET_NAME)";
				SWIFT_VERSION = 5.0;
				TARGETED_DEVICE_FAMILY = "1,2";
				TEST_HOST = "$(BUILT_PRODUCTS_DIR)/DungeonFinal.app/DungeonFinal";
			};
			name = Debug;
		};
		6ABD29B82641959C00DC60C3 /* Release */ = {
			isa = XCBuildConfiguration;
			buildSettings = {
				ALWAYS_EMBED_SWIFT_STANDARD_LIBRARIES = YES;
				BUNDLE_LOADER = "$(TEST_HOST)";
				CODE_SIGN_STYLE = Automatic;
				INFOPLIST_FILE = DungeonFinalTests/Info.plist;
				IPHONEOS_DEPLOYMENT_TARGET = 14.5;
				LD_RUNPATH_SEARCH_PATHS = (
					"$(inherited)",
					"@executable_path/Frameworks",
					"@loader_path/Frameworks",
				);
				PRODUCT_BUNDLE_IDENTIFIER = me.nolan.DungeonFinalTests;
				PRODUCT_NAME = "$(TARGET_NAME)";
				SWIFT_VERSION = 5.0;
				TARGETED_DEVICE_FAMILY = "1,2";
				TEST_HOST = "$(BUILT_PRODUCTS_DIR)/DungeonFinal.app/DungeonFinal";
			};
			name = Release;
		};
		6ABD29BA2641959C00DC60C3 /* Debug */ = {
			isa = XCBuildConfiguration;
			buildSettings = {
				ALWAYS_EMBED_SWIFT_STANDARD_LIBRARIES = YES;
				CODE_SIGN_STYLE = Automatic;
				INFOPLIST_FILE = DungeonFinalUITests/Info.plist;
				LD_RUNPATH_SEARCH_PATHS = (
					"$(inherited)",
					"@executable_path/Frameworks",
					"@loader_path/Frameworks",
				);
				PRODUCT_BUNDLE_IDENTIFIER = me.nolan.DungeonFinalUITests;
				PRODUCT_NAME = "$(TARGET_NAME)";
				SWIFT_VERSION = 5.0;
				TARGETED_DEVICE_FAMILY = "1,2";
				TEST_TARGET_NAME = DungeonFinal;
			};
			name = Debug;
		};
		6ABD29BB2641959C00DC60C3 /* Release */ = {
			isa = XCBuildConfiguration;
			buildSettings = {
				ALWAYS_EMBED_SWIFT_STANDARD_LIBRARIES = YES;
				CODE_SIGN_STYLE = Automatic;
				INFOPLIST_FILE = DungeonFinalUITests/Info.plist;
				LD_RUNPATH_SEARCH_PATHS = (
					"$(inherited)",
					"@executable_path/Frameworks",
					"@loader_path/Frameworks",
				);
				PRODUCT_BUNDLE_IDENTIFIER = me.nolan.DungeonFinalUITests;
				PRODUCT_NAME = "$(TARGET_NAME)";
				SWIFT_VERSION = 5.0;
				TARGETED_DEVICE_FAMILY = "1,2";
				TEST_TARGET_NAME = DungeonFinal;
			};
			name = Release;
		};
/* End XCBuildConfiguration section */

/* Begin XCConfigurationList section */
		6ABD29832641959B00DC60C3 /* Build configuration list for PBXProject "DungeonFinal" */ = {
			isa = XCConfigurationList;
			buildConfigurations = (
				6ABD29B12641959C00DC60C3 /* Debug */,
				6ABD29B22641959C00DC60C3 /* Release */,
			);
			defaultConfigurationIsVisible = 0;
			defaultConfigurationName = Release;
		};
		6ABD29B32641959C00DC60C3 /* Build configuration list for PBXNativeTarget "DungeonFinal" */ = {
			isa = XCConfigurationList;
			buildConfigurations = (
				6ABD29B42641959C00DC60C3 /* Debug */,
				6ABD29B52641959C00DC60C3 /* Release */,
			);
			defaultConfigurationIsVisible = 0;
			defaultConfigurationName = Release;
		};
		6ABD29B62641959C00DC60C3 /* Build configuration list for PBXNativeTarget "DungeonFinalTests" */ = {
			isa = XCConfigurationList;
			buildConfigurations = (
				6ABD29B72641959C00DC60C3 /* Debug */,
				6ABD29B82641959C00DC60C3 /* Release */,
			);
			defaultConfigurationIsVisible = 0;
			defaultConfigurationName = Release;
		};
		6ABD29B92641959C00DC60C3 /* Build configuration list for PBXNativeTarget "DungeonFinalUITests" */ = {
			isa = XCConfigurationList;
			buildConfigurations = (
				6ABD29BA2641959C00DC60C3 /* Debug */,
				6ABD29BB2641959C00DC60C3 /* Release */,
			);
			defaultConfigurationIsVisible = 0;
			defaultConfigurationName = Release;
		};
/* End XCConfigurationList section */
	};
	rootObject = 6ABD29802641959B00DC60C3 /* Project object */;
}
