// !$*UTF8*$!
{
	archiveVersion = 1;
	classes = {
	};
	objectVersion = 51;
	objects = {

/* Begin PBXBuildFile section */
		6A22972726594DAA0066C277 /* nikita-solo-caveentrancefin-export.jpg in Resources */ = {isa = PBXBuildFile; fileRef = 6A22972626594DA90066C277 /* nikita-solo-caveentrancefin-export.jpg */; };
		6A63F33226458E6D00EC85DB /* cobble 2.png in Resources */ = {isa = PBXBuildFile; fileRef = 6A63F33126458E6D00EC85DB /* cobble 2.png */; };
		6A6CF25B2646D878004C5F00 /* GoogleService-Info.plist in Resources */ = {isa = PBXBuildFile; fileRef = 6A6CF25A2646D878004C5F00 /* GoogleService-Info.plist */; };
		6A9BD8D8264C4C8800631466 /* 211-2113163_pixilart-scary-face-by-transparent-background-evil-face.png in Resources */ = {isa = PBXBuildFile; fileRef = 6A9BD8D7264C4C8800631466 /* 211-2113163_pixilart-scary-face-by-transparent-background-evil-face.png */; };
		6ABD298C2641959B00DC60C3 /* AppDelegate.swift in Sources */ = {isa = PBXBuildFile; fileRef = 6ABD298B2641959B00DC60C3 /* AppDelegate.swift */; };
		6ABD298E2641959B00DC60C3 /* GameScene.sks in Resources */ = {isa = PBXBuildFile; fileRef = 6ABD298D2641959B00DC60C3 /* GameScene.sks */; };
		6ABD29922641959B00DC60C3 /* GameScene.swift in Sources */ = {isa = PBXBuildFile; fileRef = 6ABD29912641959B00DC60C3 /* GameScene.swift */; };
		6ABD29942641959B00DC60C3 /* GameViewController.swift in Sources */ = {isa = PBXBuildFile; fileRef = 6ABD29932641959B00DC60C3 /* GameViewController.swift */; };
		6ABD29972641959B00DC60C3 /* Main.storyboard in Resources */ = {isa = PBXBuildFile; fileRef = 6ABD29952641959B00DC60C3 /* Main.storyboard */; };
		6ABD29992641959C00DC60C3 /* Assets.xcassets in Resources */ = {isa = PBXBuildFile; fileRef = 6ABD29982641959C00DC60C3 /* Assets.xcassets */; };
		6ABD29A42641959C00DC60C3 /* DungeonFinalTests.swift in Sources */ = {isa = PBXBuildFile; fileRef = 6ABD29A32641959C00DC60C3 /* DungeonFinalTests.swift */; };
		6ABD29AF2641959C00DC60C3 /* DungeonFinalUITests.swift in Sources */ = {isa = PBXBuildFile; fileRef = 6ABD29AE2641959C00DC60C3 /* DungeonFinalUITests.swift */; };
		6ABD29BD264195C200DC60C3 /* CustomTileSet.sks in Resources */ = {isa = PBXBuildFile; fileRef = 6ABD29BC264195C200DC60C3 /* CustomTileSet.sks */; };
		6AE1A599265D3EAE007603BB /* EndGameScene.swift in Sources */ = {isa = PBXBuildFile; fileRef = 6AE1A598265D3EAE007603BB /* EndGameScene.swift */; };
		9120799EB0E08FDA71C6C7E5 /* Pods_DungeonFinalTests.framework in Frameworks */ = {isa = PBXBuildFile; fileRef = EBCE71EB1932FA1AD0262F73 /* Pods_DungeonFinalTests.framework */; };
		999898C51FCB9CD6B459628C /* Pods_DungeonFinal.framework in Frameworks */ = {isa = PBXBuildFile; fileRef = 099BC7D20E327F14AB0AE3A8 /* Pods_DungeonFinal.framework */; };
		A27B604468683FF35474CB53 /* Pods_DungeonFinal_DungeonFinalUITests.framework in Frameworks */ = {isa = PBXBuildFile; fileRef = D0DDAA25256E7B6E5D8983DF /* Pods_DungeonFinal_DungeonFinalUITests.framework */; };
/* End PBXBuildFile section */

/* Begin PBXContainerItemProxy section */
		6ABD29A02641959C00DC60C3 /* PBXContainerItemProxy */ = {
			isa = PBXContainerItemProxy;
			containerPortal = 6ABD29802641959B00DC60C3 /* Project object */;
			proxyType = 1;
			remoteGlobalIDString = 6ABD29872641959B00DC60C3;
			remoteInfo = DungeonFinal;
		};
		6ABD29AB2641959C00DC60C3 /* PBXContainerItemProxy */ = {
			isa = PBXContainerItemProxy;
			containerPortal = 6ABD29802641959B00DC60C3 /* Project object */;
			proxyType = 1;
			remoteGlobalIDString = 6ABD29872641959B00DC60C3;
			remoteInfo = DungeonFinal;
		};
/* End PBXContainerItemProxy section */

/* Begin PBXFileReference section */
		099BC7D20E327F14AB0AE3A8 /* Pods_DungeonFinal.framework */ = {isa = PBXFileReference; explicitFileType = wrapper.framework; includeInIndex = 0; path = Pods_DungeonFinal.framework; sourceTree = BUILT_PRODUCTS_DIR; };
		6A22972626594DA90066C277 /* nikita-solo-caveentrancefin-export.jpg */ = {isa = PBXFileReference; lastKnownFileType = image.jpeg; name = "nikita-solo-caveentrancefin-export.jpg"; path = "../../../Downloads/nikita-solo-caveentrancefin-export.jpg"; sourceTree = "<group>"; };
		6A63F33126458E6D00EC85DB /* cobble 2.png */ = {isa = PBXFileReference; lastKnownFileType = image.png; name = "cobble 2.png"; path = "../../cobble 2.png"; sourceTree = "<group>"; };
		6A6CF25A2646D878004C5F00 /* GoogleService-Info.plist */ = {isa = PBXFileReference; fileEncoding = 4; lastKnownFileType = text.plist.xml; name = "GoogleService-Info.plist"; path = "../../GoogleService-Info.plist"; sourceTree = "<group>"; };
		6A9BD8D7264C4C8800631466 /* 211-2113163_pixilart-scary-face-by-transparent-background-evil-face.png */ = {isa = PBXFileReference; lastKnownFileType = image.png; name = "211-2113163_pixilart-scary-face-by-transparent-background-evil-face.png"; path = "../../../Downloads/211-2113163_pixilart-scary-face-by-transparent-background-evil-face.png"; sourceTree = "<group>"; };
		6ABD29882641959B00DC60C3 /* DungeonFinal.app */ = {isa = PBXFileReference; explicitFileType = wrapper.application; includeInIndex = 0; path = DungeonFinal.app; sourceTree = BUILT_PRODUCTS_DIR; };
		6ABD298B2641959B00DC60C3 /* AppDelegate.swift */ = {isa = PBXFileReference; lastKnownFileType = sourcecode.swift; path = AppDelegate.swift; sourceTree = "<group>"; };
		6ABD298D2641959B00DC60C3 /* GameScene.sks */ = {isa = PBXFileReference; lastKnownFileType = file.sks; path = GameScene.sks; sourceTree = "<group>"; };
		6ABD29912641959B00DC60C3 /* GameScene.swift */ = {isa = PBXFileReference; lastKnownFileType = sourcecode.swift; path = GameScene.swift; sourceTree = "<group>"; };
		6ABD29932641959B00DC60C3 /* GameViewController.swift */ = {isa = PBXFileReference; lastKnownFileType = sourcecode.swift; path = GameViewController.swift; sourceTree = "<group>"; };
		6ABD29962641959B00DC60C3 /* Base */ = {isa = PBXFileReference; lastKnownFileType = file.storyboard; name = Base; path = Base.lproj/Main.storyboard; sourceTree = "<group>"; };
		6ABD29982641959C00DC60C3 /* Assets.xcassets */ = {isa = PBXFileReference; lastKnownFileType = folder.assetcatalog; path = Assets.xcassets; sourceTree = "<group>"; };
		6ABD299A2641959C00DC60C3 /* Info.plist */ = {isa = PBXFileReference; lastKnownFileType = text.plist.xml; path = Info.plist; sourceTree = "<group>"; };
		6ABD299F2641959C00DC60C3 /* DungeonFinalTests.xctest */ = {isa = PBXFileReference; explicitFileType = wrapper.cfbundle; includeInIndex = 0; path = DungeonFinalTests.xctest; sourceTree = BUILT_PRODUCTS_DIR; };
		6ABD29A32641959C00DC60C3 /* DungeonFinalTests.swift */ = {isa = PBXFileReference; lastKnownFileType = sourcecode.swift; path = DungeonFinalTests.swift; sourceTree = "<group>"; };
		6ABD29A52641959C00DC60C3 /* Info.plist */ = {isa = PBXFileReference; lastKnownFileType = text.plist.xml; path = Info.plist; sourceTree = "<group>"; };
		6ABD29AA2641959C00DC60C3 /* DungeonFinalUITests.xctest */ = {isa = PBXFileReference; explicitFileType = wrapper.cfbundle; includeInIndex = 0; path = DungeonFinalUITests.xctest; sourceTree = BUILT_PRODUCTS_DIR; };
		6ABD29AE2641959C00DC60C3 /* DungeonFinalUITests.swift */ = {isa = PBXFileReference; lastKnownFileType = sourcecode.swift; path = DungeonFinalUITests.swift; sourceTree = "<group>"; };
		6ABD29B02641959C00DC60C3 /* Info.plist */ = {isa = PBXFileReference; lastKnownFileType = text.plist.xml; path = Info.plist; sourceTree = "<group>"; };
		6ABD29BC264195C200DC60C3 /* CustomTileSet.sks */ = {isa = PBXFileReference; lastKnownFileType = file.sks; path = CustomTileSet.sks; sourceTree = "<group>"; };
		6AE1A598265D3EAE007603BB /* EndGameScene.swift */ = {isa = PBXFileReference; lastKnownFileType = sourcecode.swift; path = EndGameScene.swift; sourceTree = "<group>"; };
		720EC72BC4536E662B22D7DD /* Pods-DungeonFinalTests.release.xcconfig */ = {isa = PBXFileReference; includeInIndex = 1; lastKnownFileType = text.xcconfig; name = "Pods-DungeonFinalTests.release.xcconfig"; path = "Target Support Files/Pods-DungeonFinalTests/Pods-DungeonFinalTests.release.xcconfig"; sourceTree = "<group>"; };
		8CF4E4A3262472739E3CF4F9 /* Pods-DungeonFinal.debug.xcconfig */ = {isa = PBXFileReference; includeInIndex = 1; lastKnownFileType = text.xcconfig; name = "Pods-DungeonFinal.debug.xcconfig"; path = "Target Support Files/Pods-DungeonFinal/Pods-DungeonFinal.debug.xcconfig"; sourceTree = "<group>"; };
		90BD548CE0BEB8D9C6DD9792 /* Pods-DungeonFinal-DungeonFinalUITests.release.xcconfig */ = {isa = PBXFileReference; includeInIndex = 1; lastKnownFileType = text.xcconfig; name = "Pods-DungeonFinal-DungeonFinalUITests.release.xcconfig"; path = "Target Support Files/Pods-DungeonFinal-DungeonFinalUITests/Pods-DungeonFinal-DungeonFinalUITests.release.xcconfig"; sourceTree = "<group>"; };
		C5380466D2F80341DE0D958A /* Pods-DungeonFinal-DungeonFinalUITests.debug.xcconfig */ = {isa = PBXFileReference; includeInIndex = 1; lastKnownFileType = text.xcconfig; name = "Pods-DungeonFinal-DungeonFinalUITests.debug.xcconfig"; path = "Target Support Files/Pods-DungeonFinal-DungeonFinalUITests/Pods-DungeonFinal-DungeonFinalUITests.debug.xcconfig"; sourceTree = "<group>"; };
		D0DDAA25256E7B6E5D8983DF /* Pods_DungeonFinal_DungeonFinalUITests.framework */ = {isa = PBXFileReference; explicitFileType = wrapper.framework; includeInIndex = 0; path = Pods_DungeonFinal_DungeonFinalUITests.framework; sourceTree = BUILT_PRODUCTS_DIR; };
		D2D7DC5D527352F4895A6AE2 /* Pods-DungeonFinal.release.xcconfig */ = {isa = PBXFileReference; includeInIndex = 1; lastKnownFileType = text.xcconfig; name = "Pods-DungeonFinal.release.xcconfig"; path = "Target Support Files/Pods-DungeonFinal/Pods-DungeonFinal.release.xcconfig"; sourceTree = "<group>"; };
		D50D3174F2A9FEB0F8FA0A46 /* Pods-DungeonFinalTests.debug.xcconfig */ = {isa = PBXFileReference; includeInIndex = 1; lastKnownFileType = text.xcconfig; name = "Pods-DungeonFinalTests.debug.xcconfig"; path = "Target Support Files/Pods-DungeonFinalTests/Pods-DungeonFinalTests.debug.xcconfig"; sourceTree = "<group>"; };
		EBCE71EB1932FA1AD0262F73 /* Pods_DungeonFinalTests.framework */ = {isa = PBXFileReference; explicitFileType = wrapper.framework; includeInIndex = 0; path = Pods_DungeonFinalTests.framework; sourceTree = BUILT_PRODUCTS_DIR; };
/* End PBXFileReference section */

/* Begin PBXFrameworksBuildPhase section */
		6ABD29852641959B00DC60C3 /* Frameworks */ = {
			isa = PBXFrameworksBuildPhase;
			buildActionMask = 2147483647;
			files = (
				999898C51FCB9CD6B459628C /* Pods_DungeonFinal.framework in Frameworks */,
			);
			runOnlyForDeploymentPostprocessing = 0;
		};
		6ABD299C2641959C00DC60C3 /* Frameworks */ = {
			isa = PBXFrameworksBuildPhase;
			buildActionMask = 2147483647;
			files = (
				9120799EB0E08FDA71C6C7E5 /* Pods_DungeonFinalTests.framework in Frameworks */,
			);
			runOnlyForDeploymentPostprocessing = 0;
		};
		6ABD29A72641959C00DC60C3 /* Frameworks */ = {
			isa = PBXFrameworksBuildPhase;
			buildActionMask = 2147483647;
			files = (
				A27B604468683FF35474CB53 /* Pods_DungeonFinal_DungeonFinalUITests.framework in Frameworks */,
			);
			runOnlyForDeploymentPostprocessing = 0;
		};
/* End PBXFrameworksBuildPhase section */

/* Begin PBXGroup section */
		6ABD297F2641959B00DC60C3 = {
			isa = PBXGroup;
			children = (
				6ABD298A2641959B00DC60C3 /* DungeonFinal */,
				6ABD29A22641959C00DC60C3 /* DungeonFinalTests */,
				6ABD29AD2641959C00DC60C3 /* DungeonFinalUITests */,
				6ABD29892641959B00DC60C3 /* Products */,
				AA05011E9E0F3D23A024DEE3 /* Pods */,
				76958388B7818B1A8FE37CC9 /* Frameworks */,
			);
			sourceTree = "<group>";
		};
		6ABD29892641959B00DC60C3 /* Products */ = {
			isa = PBXGroup;
			children = (
				6ABD29882641959B00DC60C3 /* DungeonFinal.app */,
				6ABD299F2641959C00DC60C3 /* DungeonFinalTests.xctest */,
				6ABD29AA2641959C00DC60C3 /* DungeonFinalUITests.xctest */,
			);
			name = Products;
			sourceTree = "<group>";
		};
		6ABD298A2641959B00DC60C3 /* DungeonFinal */ = {
			isa = PBXGroup;
			children = (
				6A22972626594DA90066C277 /* nikita-solo-caveentrancefin-export.jpg */,
				6A9BD8D7264C4C8800631466 /* 211-2113163_pixilart-scary-face-by-transparent-background-evil-face.png */,
				6A6CF25A2646D878004C5F00 /* GoogleService-Info.plist */,
				6A63F33126458E6D00EC85DB /* cobble 2.png */,
				6ABD298D2641959B00DC60C3 /* GameScene.sks */,
				6ABD298B2641959B00DC60C3 /* AppDelegate.swift */,
				6ABD29912641959B00DC60C3 /* GameScene.swift */,
				6AE1A598265D3EAE007603BB /* EndGameScene.swift */,
				6ABD29BC264195C200DC60C3 /* CustomTileSet.sks */,
				6ABD29932641959B00DC60C3 /* GameViewController.swift */,
				6ABD29952641959B00DC60C3 /* Main.storyboard */,
				6ABD29982641959C00DC60C3 /* Assets.xcassets */,
				6ABD299A2641959C00DC60C3 /* Info.plist */,
			);
			path = DungeonFinal;
			sourceTree = "<group>";
		};
		6ABD29A22641959C00DC60C3 /* DungeonFinalTests */ = {
			isa = PBXGroup;
			children = (
				6ABD29A32641959C00DC60C3 /* DungeonFinalTests.swift */,
				6ABD29A52641959C00DC60C3 /* Info.plist */,
			);
			path = DungeonFinalTests;
			sourceTree = "<group>";
		};
		6ABD29AD2641959C00DC60C3 /* DungeonFinalUITests */ = {
			isa = PBXGroup;
			children = (
				6ABD29AE2641959C00DC60C3 /* DungeonFinalUITests.swift */,
				6ABD29B02641959C00DC60C3 /* Info.plist */,
			);
			path = DungeonFinalUITests;
			sourceTree = "<group>";
		};
		76958388B7818B1A8FE37CC9 /* Frameworks */ = {
			isa = PBXGroup;
			children = (
				099BC7D20E327F14AB0AE3A8 /* Pods_DungeonFinal.framework */,
				D0DDAA25256E7B6E5D8983DF /* Pods_DungeonFinal_DungeonFinalUITests.framework */,
				EBCE71EB1932FA1AD0262F73 /* Pods_DungeonFinalTests.framework */,
			);
			name = Frameworks;
			sourceTree = "<group>";
		};
		AA05011E9E0F3D23A024DEE3 /* Pods */ = {
			isa = PBXGroup;
			children = (
				8CF4E4A3262472739E3CF4F9 /* Pods-DungeonFinal.debug.xcconfig */,
				D2D7DC5D527352F4895A6AE2 /* Pods-DungeonFinal.release.xcconfig */,
				C5380466D2F80341DE0D958A /* Pods-DungeonFinal-DungeonFinalUITests.debug.xcconfig */,
				90BD548CE0BEB8D9C6DD9792 /* Pods-DungeonFinal-DungeonFinalUITests.release.xcconfig */,
				D50D3174F2A9FEB0F8FA0A46 /* Pods-DungeonFinalTests.debug.xcconfig */,
				720EC72BC4536E662B22D7DD /* Pods-DungeonFinalTests.release.xcconfig */,
			);
			path = Pods;
			sourceTree = "<group>";
		};
/* End PBXGroup section */

/* Begin PBXNativeTarget section */
		6ABD29872641959B00DC60C3 /* DungeonFinal */ = {
			isa = PBXNativeTarget;
			buildConfigurationList = 6ABD29B32641959C00DC60C3 /* Build configuration list for PBXNativeTarget "DungeonFinal" */;
			buildPhases = (
				5F32297CBFDDD1E2A50AEA27 /* [CP] Check Pods Manifest.lock */,
				6ABD29842641959B00DC60C3 /* Sources */,
				6ABD29852641959B00DC60C3 /* Frameworks */,
				6ABD29862641959B00DC60C3 /* Resources */,
				B297E825793916E1C768B81D /* [CP] Embed Pods Frameworks */,
			);
			buildRules = (
			);
			dependencies = (
			);
			name = DungeonFinal;
			productName = DungeonFinal;
			productReference = 6ABD29882641959B00DC60C3 /* DungeonFinal.app */;
			productType = "com.apple.product-type.application";
		};
		6ABD299E2641959C00DC60C3 /* DungeonFinalTests */ = {
			isa = PBXNativeTarget;
			buildConfigurationList = 6ABD29B62641959C00DC60C3 /* Build configuration list for PBXNativeTarget "DungeonFinalTests" */;
			buildPhases = (
				14313CE361FF89CDA830B706 /* [CP] Check Pods Manifest.lock */,
				6ABD299B2641959C00DC60C3 /* Sources */,
				6ABD299C2641959C00DC60C3 /* Frameworks */,
				6ABD299D2641959C00DC60C3 /* Resources */,
			);
			buildRules = (
			);
			dependencies = (
				6ABD29A12641959C00DC60C3 /* PBXTargetDependency */,
			);
			name = DungeonFinalTests;
			productName = DungeonFinalTests;
			productReference = 6ABD299F2641959C00DC60C3 /* DungeonFinalTests.xctest */;
			productType = "com.apple.product-type.bundle.unit-test";
		};
		6ABD29A92641959C00DC60C3 /* DungeonFinalUITests */ = {
			isa = PBXNativeTarget;
			buildConfigurationList = 6ABD29B92641959C00DC60C3 /* Build configuration list for PBXNativeTarget "DungeonFinalUITests" */;
			buildPhases = (
				ABF52E6B8C723901979F62FF /* [CP] Check Pods Manifest.lock */,
				6ABD29A62641959C00DC60C3 /* Sources */,
				6ABD29A72641959C00DC60C3 /* Frameworks */,
				6ABD29A82641959C00DC60C3 /* Resources */,
				2B9622FA8E346631A0357535 /* [CP] Embed Pods Frameworks */,
			);
			buildRules = (
			);
			dependencies = (
				6ABD29AC2641959C00DC60C3 /* PBXTargetDependency */,
			);
			name = DungeonFinalUITests;
			productName = DungeonFinalUITests;
			productReference = 6ABD29AA2641959C00DC60C3 /* DungeonFinalUITests.xctest */;
			productType = "com.apple.product-type.bundle.ui-testing";
		};
/* End PBXNativeTarget section */

/* Begin PBXProject section */
		6ABD29802641959B00DC60C3 /* Project object */ = {
			isa = PBXProject;
			attributes = {
				LastSwiftUpdateCheck = 1250;
				LastUpgradeCheck = 1250;
				TargetAttributes = {
					6ABD29872641959B00DC60C3 = {
						CreatedOnToolsVersion = 12.5;
					};
					6ABD299E2641959C00DC60C3 = {
						CreatedOnToolsVersion = 12.5;
						TestTargetID = 6ABD29872641959B00DC60C3;
					};
					6ABD29A92641959C00DC60C3 = {
						CreatedOnToolsVersion = 12.5;
						TestTargetID = 6ABD29872641959B00DC60C3;
					};
				};
			};
			buildConfigurationList = 6ABD29832641959B00DC60C3 /* Build configuration list for PBXProject "DungeonFinal" */;
			compatibilityVersion = "Xcode 9.3";
			developmentRegion = en;
			hasScannedForEncodings = 0;
			knownRegions = (
				en,
				Base,
			);
			mainGroup = 6ABD297F2641959B00DC60C3;
			productRefGroup = 6ABD29892641959B00DC60C3 /* Products */;
			projectDirPath = "";
			projectRoot = "";
			targets = (
				6ABD29872641959B00DC60C3 /* DungeonFinal */,
				6ABD299E2641959C00DC60C3 /* DungeonFinalTests */,
				6ABD29A92641959C00DC60C3 /* DungeonFinalUITests */,
			);
		};
/* End PBXProject section */

/* Begin PBXResourcesBuildPhase section */
		6ABD29862641959B00DC60C3 /* Resources */ = {
			isa = PBXResourcesBuildPhase;
			buildActionMask = 2147483647;
			files = (
				6ABD29972641959B00DC60C3 /* Main.storyboard in Resources */,
				6A63F33226458E6D00EC85DB /* cobble 2.png in Resources */,
				6ABD29BD264195C200DC60C3 /* CustomTileSet.sks in Resources */,
				6ABD298E2641959B00DC60C3 /* GameScene.sks in Resources */,
				6A9BD8D8264C4C8800631466 /* 211-2113163_pixilart-scary-face-by-transparent-background-evil-face.png in Resources */,
				6ABD29992641959C00DC60C3 /* Assets.xcassets in Resources */,
				6A6CF25B2646D878004C5F00 /* GoogleService-Info.plist in Resources */,
				6A22972726594DAA0066C277 /* nikita-solo-caveentrancefin-export.jpg in Resources */,
			);
			runOnlyForDeploymentPostprocessing = 0;
		};
		6ABD299D2641959C00DC60C3 /* Resources */ = {
			isa = PBXResourcesBuildPhase;
			buildActionMask = 2147483647;
			files = (
			);
			runOnlyForDeploymentPostprocessing = 0;
		};
		6ABD29A82641959C00DC60C3 /* Resources */ = {
			isa = PBXResourcesBuildPhase;
			buildActionMask = 2147483647;
			files = (
			);
			runOnlyForDeploymentPostprocessing = 0;
		};
/* End PBXResourcesBuildPhase section */

/* Begin PBXShellScriptBuildPhase section */
		14313CE361FF89CDA830B706 /* [CP] Check Pods Manifest.lock */ = {
			isa = PBXShellScriptBuildPhase;
			buildActionMask = 2147483647;
			files = (
			);
			inputFileListPaths = (
			);
			inputPaths = (
				"${PODS_PODFILE_DIR_PATH}/Podfile.lock",
				"${PODS_ROOT}/Manifest.lock",
			);
			name = "[CP] Check Pods Manifest.lock";
			outputFileListPaths = (
			);
			outputPaths = (
				"$(DERIVED_FILE_DIR)/Pods-DungeonFinalTests-checkManifestLockResult.txt",
			);
			runOnlyForDeploymentPostprocessing = 0;
			shellPath = /bin/sh;
			shellScript = "diff \"${PODS_PODFILE_DIR_PATH}/Podfile.lock\" \"${PODS_ROOT}/Manifest.lock\" > /dev/null\nif [ $? != 0 ] ; then\n    # print error to STDERR\n    echo \"error: The sandbox is not in sync with the Podfile.lock. Run 'pod install' or update your CocoaPods installation.\" >&2\n    exit 1\nfi\n# This output is used by Xcode 'outputs' to avoid re-running this script phase.\necho \"SUCCESS\" > \"${SCRIPT_OUTPUT_FILE_0}\"\n";
			showEnvVarsInLog = 0;
		};
		2B9622FA8E346631A0357535 /* [CP] Embed Pods Frameworks */ = {
			isa = PBXShellScriptBuildPhase;
			buildActionMask = 2147483647;
			files = (
			);
			inputFileListPaths = (
				"${PODS_ROOT}/Target Support Files/Pods-DungeonFinal-DungeonFinalUITests/Pods-DungeonFinal-DungeonFinalUITests-frameworks-${CONFIGURATION}-input-files.xcfilelist",
			);
			name = "[CP] Embed Pods Frameworks";
			outputFileListPaths = (
				"${PODS_ROOT}/Target Support Files/Pods-DungeonFinal-DungeonFinalUITests/Pods-DungeonFinal-DungeonFinalUITests-frameworks-${CONFIGURATION}-output-files.xcfilelist",
			);
			runOnlyForDeploymentPostprocessing = 0;
			shellPath = /bin/sh;
			shellScript = "\"${PODS_ROOT}/Target Support Files/Pods-DungeonFinal-DungeonFinalUITests/Pods-DungeonFinal-DungeonFinalUITests-frameworks.sh\"\n";
			showEnvVarsInLog = 0;
		};
		5F32297CBFDDD1E2A50AEA27 /* [CP] Check Pods Manifest.lock */ = {
			isa = PBXShellScriptBuildPhase;
			buildActionMask = 2147483647;
			files = (
			);
			inputFileListPaths = (
			);
			inputPaths = (
				"${PODS_PODFILE_DIR_PATH}/Podfile.lock",
				"${PODS_ROOT}/Manifest.lock",
			);
			name = "[CP] Check Pods Manifest.lock";
			outputFileListPaths = (
			);
			outputPaths = (
				"$(DERIVED_FILE_DIR)/Pods-DungeonFinal-checkManifestLockResult.txt",
			);
			runOnlyForDeploymentPostprocessing = 0;
			shellPath = /bin/sh;
			shellScript = "diff \"${PODS_PODFILE_DIR_PATH}/Podfile.lock\" \"${PODS_ROOT}/Manifest.lock\" > /dev/null\nif [ $? != 0 ] ; then\n    # print error to STDERR\n    echo \"error: The sandbox is not in sync with the Podfile.lock. Run 'pod install' or update your CocoaPods installation.\" >&2\n    exit 1\nfi\n# This output is used by Xcode 'outputs' to avoid re-running this script phase.\necho \"SUCCESS\" > \"${SCRIPT_OUTPUT_FILE_0}\"\n";
			showEnvVarsInLog = 0;
		};
		ABF52E6B8C723901979F62FF /* [CP] Check Pods Manifest.lock */ = {
			isa = PBXShellScriptBuildPhase;
			buildActionMask = 2147483647;
			files = (
			);
			inputFileListPaths = (
			);
			inputPaths = (
				"${PODS_PODFILE_DIR_PATH}/Podfile.lock",
				"${PODS_ROOT}/Manifest.lock",
			);
			name = "[CP] Check Pods Manifest.lock";
			outputFileListPaths = (
			);
			outputPaths = (
				"$(DERIVED_FILE_DIR)/Pods-DungeonFinal-DungeonFinalUITests-checkManifestLockResult.txt",
			);
			runOnlyForDeploymentPostprocessing = 0;
			shellPath = /bin/sh;
			shellScript = "diff \"${PODS_PODFILE_DIR_PATH}/Podfile.lock\" \"${PODS_ROOT}/Manifest.lock\" > /dev/null\nif [ $? != 0 ] ; then\n    # print error to STDERR\n    echo \"error: The sandbox is not in sync with the Podfile.lock. Run 'pod install' or update your CocoaPods installation.\" >&2\n    exit 1\nfi\n# This output is used by Xcode 'outputs' to avoid re-running this script phase.\necho \"SUCCESS\" > \"${SCRIPT_OUTPUT_FILE_0}\"\n";
			showEnvVarsInLog = 0;
		};
		B297E825793916E1C768B81D /* [CP] Embed Pods Frameworks */ = {
			isa = PBXShellScriptBuildPhase;
			buildActionMask = 2147483647;
			files = (
			);
			inputFileListPaths = (
				"${PODS_ROOT}/Target Support Files/Pods-DungeonFinal/Pods-DungeonFinal-frameworks-${CONFIGURATION}-input-files.xcfilelist",
			);
			name = "[CP] Embed Pods Frameworks";
			outputFileListPaths = (
				"${PODS_ROOT}/Target Support Files/Pods-DungeonFinal/Pods-DungeonFinal-frameworks-${CONFIGURATION}-output-files.xcfilelist",
			);
			runOnlyForDeploymentPostprocessing = 0;
			shellPath = /bin/sh;
			shellScript = "\"${PODS_ROOT}/Target Support Files/Pods-DungeonFinal/Pods-DungeonFinal-frameworks.sh\"\n";
			showEnvVarsInLog = 0;
		};
/* End PBXShellScriptBuildPhase section */

/* Begin PBXSourcesBuildPhase section */
		6ABD29842641959B00DC60C3 /* Sources */ = {
			isa = PBXSourcesBuildPhase;
			buildActionMask = 2147483647;
			files = (
				6ABD29922641959B00DC60C3 /* GameScene.swift in Sources */,
				6ABD29942641959B00DC60C3 /* GameViewController.swift in Sources */,
				6ABD298C2641959B00DC60C3 /* AppDelegate.swift in Sources */,
				6AE1A599265D3EAE007603BB /* EndGameScene.swift in Sources */,
			);
			runOnlyForDeploymentPostprocessing = 0;
		};
		6ABD299B2641959C00DC60C3 /* Sources */ = {
			isa = PBXSourcesBuildPhase;
			buildActionMask = 2147483647;
			files = (
				6ABD29A42641959C00DC60C3 /* DungeonFinalTests.swift in Sources */,
			);
			runOnlyForDeploymentPostprocessing = 0;
		};
		6ABD29A62641959C00DC60C3 /* Sources */ = {
			isa = PBXSourcesBuildPhase;
			buildActionMask = 2147483647;
			files = (
				6ABD29AF2641959C00DC60C3 /* DungeonFinalUITests.swift in Sources */,
			);
			runOnlyForDeploymentPostprocessing = 0;
		};
/* End PBXSourcesBuildPhase section */

/* Begin PBXTargetDependency section */
		6ABD29A12641959C00DC60C3 /* PBXTargetDependency */ = {
			isa = PBXTargetDependency;
			target = 6ABD29872641959B00DC60C3 /* DungeonFinal */;
			targetProxy = 6ABD29A02641959C00DC60C3 /* PBXContainerItemProxy */;
		};
		6ABD29AC2641959C00DC60C3 /* PBXTargetDependency */ = {
			isa = PBXTargetDependency;
			target = 6ABD29872641959B00DC60C3 /* DungeonFinal */;
			targetProxy = 6ABD29AB2641959C00DC60C3 /* PBXContainerItemProxy */;
		};
/* End PBXTargetDependency section */

/* Begin PBXVariantGroup section */
		6ABD29952641959B00DC60C3 /* Main.storyboard */ = {
			isa = PBXVariantGroup;
			children = (
				6ABD29962641959B00DC60C3 /* Base */,
			);
			name = Main.storyboard;
			sourceTree = "<group>";
		};
/* End PBXVariantGroup section */

/* Begin XCBuildConfiguration section */
		6ABD29B12641959C00DC60C3 /* Debug */ = {
			isa = XCBuildConfiguration;
			buildSettings = {
				ALWAYS_SEARCH_USER_PATHS = NO;
				CLANG_ANALYZER_NONNULL = YES;
				CLANG_ANALYZER_NUMBER_OBJECT_CONVERSION = YES_AGGRESSIVE;
				CLANG_CXX_LANGUAGE_STANDARD = "gnu++14";
				CLANG_CXX_LIBRARY = "libc++";
				CLANG_ENABLE_MODULES = YES;
				CLANG_ENABLE_OBJC_ARC = YES;
				CLANG_ENABLE_OBJC_WEAK = YES;
				CLANG_WARN_BLOCK_CAPTURE_AUTORELEASING = YES;
				CLANG_WARN_BOOL_CONVERSION = YES;
				CLANG_WARN_COMMA = YES;
				CLANG_WARN_CONSTANT_CONVERSION = YES;
				CLANG_WARN_DEPRECATED_OBJC_IMPLEMENTATIONS = YES;
				CLANG_WARN_DIRECT_OBJC_ISA_USAGE = YES_ERROR;
				CLANG_WARN_DOCUMENTATION_COMMENTS = YES;
				CLANG_WARN_EMPTY_BODY = YES;
				CLANG_WARN_ENUM_CONVERSION = YES;
				CLANG_WARN_INFINITE_RECURSION = YES;
				CLANG_WARN_INT_CONVERSION = YES;
				CLANG_WARN_NON_LITERAL_NULL_CONVERSION = YES;
				CLANG_WARN_OBJC_IMPLICIT_RETAIN_SELF = YES;
				CLANG_WARN_OBJC_LITERAL_CONVERSION = YES;
				CLANG_WARN_OBJC_ROOT_CLASS = YES_ERROR;
				CLANG_WARN_QUOTED_INCLUDE_IN_FRAMEWORK_HEADER = YES;
				CLANG_WARN_RANGE_LOOP_ANALYSIS = YES;
				CLANG_WARN_STRICT_PROTOTYPES = YES;
				CLANG_WARN_SUSPICIOUS_MOVE = YES;
				CLANG_WARN_UNGUARDED_AVAILABILITY = YES_AGGRESSIVE;
				CLANG_WARN_UNREACHABLE_CODE = YES;
				CLANG_WARN__DUPLICATE_METHOD_MATCH = YES;
				COPY_PHASE_STRIP = NO;
				DEBUG_INFORMATION_FORMAT = dwarf;
				ENABLE_STRICT_OBJC_MSGSEND = YES;
				ENABLE_TESTABILITY = YES;
				GCC_C_LANGUAGE_STANDARD = gnu11;
				GCC_DYNAMIC_NO_PIC = NO;
				GCC_NO_COMMON_BLOCKS = YES;
				GCC_OPTIMIZATION_LEVEL = 0;
				GCC_PREPROCESSOR_DEFINITIONS = (
					"DEBUG=1",
					"$(inherited)",
				);
				GCC_WARN_64_TO_32_BIT_CONVERSION = YES;
				GCC_WARN_ABOUT_RETURN_TYPE = YES_ERROR;
				GCC_WARN_UNDECLARED_SELECTOR = YES;
				GCC_WARN_UNINITIALIZED_AUTOS = YES_AGGRESSIVE;
				GCC_WARN_UNUSED_FUNCTION = YES;
				GCC_WARN_UNUSED_VARIABLE = YES;
				IPHONEOS_DEPLOYMENT_TARGET = 14.5;
				MTL_ENABLE_DEBUG_INFO = INCLUDE_SOURCE;
				MTL_FAST_MATH = YES;
				ONLY_ACTIVE_ARCH = YES;
				SDKROOT = iphoneos;
				SWIFT_ACTIVE_COMPILATION_CONDITIONS = DEBUG;
				SWIFT_OPTIMIZATION_LEVEL = "-Onone";
			};
			name = Debug;
		};
		6ABD29B22641959C00DC60C3 /* Release */ = {
			isa = XCBuildConfiguration;
			buildSettings = {
				ALWAYS_SEARCH_USER_PATHS = NO;
				CLANG_ANALYZER_NONNULL = YES;
				CLANG_ANALYZER_NUMBER_OBJECT_CONVERSION = YES_AGGRESSIVE;
				CLANG_CXX_LANGUAGE_STANDARD = "gnu++14";
				CLANG_CXX_LIBRARY = "libc++";
				CLANG_ENABLE_MODULES = YES;
				CLANG_ENABLE_OBJC_ARC = YES;
				CLANG_ENABLE_OBJC_WEAK = YES;
				CLANG_WARN_BLOCK_CAPTURE_AUTORELEASING = YES;
				CLANG_WARN_BOOL_CONVERSION = YES;
				CLANG_WARN_COMMA = YES;
				CLANG_WARN_CONSTANT_CONVERSION = YES;
				CLANG_WARN_DEPRECATED_OBJC_IMPLEMENTATIONS = YES;
				CLANG_WARN_DIRECT_OBJC_ISA_USAGE = YES_ERROR;
				CLANG_WARN_DOCUMENTATION_COMMENTS = YES;
				CLANG_WARN_EMPTY_BODY = YES;
				CLANG_WARN_ENUM_CONVERSION = YES;
				CLANG_WARN_INFINITE_RECURSION = YES;
				CLANG_WARN_INT_CONVERSION = YES;
				CLANG_WARN_NON_LITERAL_NULL_CONVERSION = YES;
				CLANG_WARN_OBJC_IMPLICIT_RETAIN_SELF = YES;
				CLANG_WARN_OBJC_LITERAL_CONVERSION = YES;
				CLANG_WARN_OBJC_ROOT_CLASS = YES_ERROR;
				CLANG_WARN_QUOTED_INCLUDE_IN_FRAMEWORK_HEADER = YES;
				CLANG_WARN_RANGE_LOOP_ANALYSIS = YES;
				CLANG_WARN_STRICT_PROTOTYPES = YES;
				CLANG_WARN_SUSPICIOUS_MOVE = YES;
				CLANG_WARN_UNGUARDED_AVAILABILITY = YES_AGGRESSIVE;
				CLANG_WARN_UNREACHABLE_CODE = YES;
				CLANG_WARN__DUPLICATE_METHOD_MATCH = YES;
				COPY_PHASE_STRIP = NO;
				DEBUG_INFORMATION_FORMAT = "dwarf-with-dsym";
				ENABLE_NS_ASSERTIONS = NO;
				ENABLE_STRICT_OBJC_MSGSEND = YES;
				GCC_C_LANGUAGE_STANDARD = gnu11;
				GCC_NO_COMMON_BLOCKS = YES;
				GCC_WARN_64_TO_32_BIT_CONVERSION = YES;
				GCC_WARN_ABOUT_RETURN_TYPE = YES_ERROR;
				GCC_WARN_UNDECLARED_SELECTOR = YES;
				GCC_WARN_UNINITIALIZED_AUTOS = YES_AGGRESSIVE;
				GCC_WARN_UNUSED_FUNCTION = YES;
				GCC_WARN_UNUSED_VARIABLE = YES;
				IPHONEOS_DEPLOYMENT_TARGET = 14.5;
				MTL_ENABLE_DEBUG_INFO = NO;
				MTL_FAST_MATH = YES;
				SDKROOT = iphoneos;
				SWIFT_COMPILATION_MODE = wholemodule;
				SWIFT_OPTIMIZATION_LEVEL = "-O";
				VALIDATE_PRODUCT = YES;
			};
			name = Release;
		};
		6ABD29B42641959C00DC60C3 /* Debug */ = {
			isa = XCBuildConfiguration;
			baseConfigurationReference = 8CF4E4A3262472739E3CF4F9 /* Pods-DungeonFinal.debug.xcconfig */;
			buildSettings = {
				ASSETCATALOG_COMPILER_APPICON_NAME = AppIcon;
				ASSETCATALOG_COMPILER_GLOBAL_ACCENT_COLOR_NAME = AccentColor;
				CODE_SIGN_STYLE = Automatic;
				INFOPLIST_FILE = DungeonFinal/Info.plist;
				LD_RUNPATH_SEARCH_PATHS = (
					"$(inherited)",
					"@executable_path/Frameworks",
				);
				PRODUCT_BUNDLE_IDENTIFIER = me.nolan.DungeonFinal;
				PRODUCT_NAME = "$(TARGET_NAME)";
				SWIFT_VERSION = 5.0;
				TARGETED_DEVICE_FAMILY = "1,2";
			};
			name = Debug;
		};
		6ABD29B52641959C00DC60C3 /* Release */ = {
			isa = XCBuildConfiguration;
			baseConfigurationReference = D2D7DC5D527352F4895A6AE2 /* Pods-DungeonFinal.release.xcconfig */;
			buildSettings = {
				ASSETCATALOG_COMPILER_APPICON_NAME = AppIcon;
				ASSETCATALOG_COMPILER_GLOBAL_ACCENT_COLOR_NAME = AccentColor;
				CODE_SIGN_STYLE = Automatic;
				INFOPLIST_FILE = DungeonFinal/Info.plist;
				LD_RUNPATH_SEARCH_PATHS = (
					"$(inherited)",
					"@executable_path/Frameworks",
				);
				PRODUCT_BUNDLE_IDENTIFIER = me.nolan.DungeonFinal;
				PRODUCT_NAME = "$(TARGET_NAME)";
				SWIFT_VERSION = 5.0;
				TARGETED_DEVICE_FAMILY = "1,2";
			};
			name = Release;
		};
		6ABD29B72641959C00DC60C3 /* Debug */ = {
			isa = XCBuildConfiguration;
			baseConfigurationReference = D50D3174F2A9FEB0F8FA0A46 /* Pods-DungeonFinalTests.debug.xcconfig */;
			buildSettings = {
				ALWAYS_EMBED_SWIFT_STANDARD_LIBRARIES = YES;
				BUNDLE_LOADER = "$(TEST_HOST)";
				CODE_SIGN_STYLE = Automatic;
				INFOPLIST_FILE = DungeonFinalTests/Info.plist;
				IPHONEOS_DEPLOYMENT_TARGET = 14.5;
				LD_RUNPATH_SEARCH_PATHS = (
					"$(inherited)",
					"@executable_path/Frameworks",
					"@loader_path/Frameworks",
				);
				PRODUCT_BUNDLE_IDENTIFIER = me.nolan.DungeonFinalTests;
				PRODUCT_NAME = "$(TARGET_NAME)";
				SWIFT_VERSION = 5.0;
				TARGETED_DEVICE_FAMILY = "1,2";
				TEST_HOST = "$(BUILT_PRODUCTS_DIR)/DungeonFinal.app/DungeonFinal";
			};
			name = Debug;
		};
		6ABD29B82641959C00DC60C3 /* Release */ = {
			isa = XCBuildConfiguration;
			baseConfigurationReference = 720EC72BC4536E662B22D7DD /* Pods-DungeonFinalTests.release.xcconfig */;
			buildSettings = {
				ALWAYS_EMBED_SWIFT_STANDARD_LIBRARIES = YES;
				BUNDLE_LOADER = "$(TEST_HOST)";
				CODE_SIGN_STYLE = Automatic;
				INFOPLIST_FILE = DungeonFinalTests/Info.plist;
				IPHONEOS_DEPLOYMENT_TARGET = 14.5;
				LD_RUNPATH_SEARCH_PATHS = (
					"$(inherited)",
					"@executable_path/Frameworks",
					"@loader_path/Frameworks",
				);
				PRODUCT_BUNDLE_IDENTIFIER = me.nolan.DungeonFinalTests;
				PRODUCT_NAME = "$(TARGET_NAME)";
				SWIFT_VERSION = 5.0;
				TARGETED_DEVICE_FAMILY = "1,2";
				TEST_HOST = "$(BUILT_PRODUCTS_DIR)/DungeonFinal.app/DungeonFinal";
			};
			name = Release;
		};
		6ABD29BA2641959C00DC60C3 /* Debug */ = {
			isa = XCBuildConfiguration;
			baseConfigurationReference = C5380466D2F80341DE0D958A /* Pods-DungeonFinal-DungeonFinalUITests.debug.xcconfig */;
			buildSettings = {
				ALWAYS_EMBED_SWIFT_STANDARD_LIBRARIES = YES;
				CODE_SIGN_STYLE = Automatic;
				INFOPLIST_FILE = DungeonFinalUITests/Info.plist;
				LD_RUNPATH_SEARCH_PATHS = (
					"$(inherited)",
					"@executable_path/Frameworks",
					"@loader_path/Frameworks",
				);
				PRODUCT_BUNDLE_IDENTIFIER = me.nolan.DungeonFinalUITests;
				PRODUCT_NAME = "$(TARGET_NAME)";
				SWIFT_VERSION = 5.0;
				TARGETED_DEVICE_FAMILY = "1,2";
				TEST_TARGET_NAME = DungeonFinal;
			};
			name = Debug;
		};
		6ABD29BB2641959C00DC60C3 /* Release */ = {
			isa = XCBuildConfiguration;
			baseConfigurationReference = 90BD548CE0BEB8D9C6DD9792 /* Pods-DungeonFinal-DungeonFinalUITests.release.xcconfig */;
			buildSettings = {
				ALWAYS_EMBED_SWIFT_STANDARD_LIBRARIES = YES;
				CODE_SIGN_STYLE = Automatic;
				INFOPLIST_FILE = DungeonFinalUITests/Info.plist;
				LD_RUNPATH_SEARCH_PATHS = (
					"$(inherited)",
					"@executable_path/Frameworks",
					"@loader_path/Frameworks",
				);
				PRODUCT_BUNDLE_IDENTIFIER = me.nolan.DungeonFinalUITests;
				PRODUCT_NAME = "$(TARGET_NAME)";
				SWIFT_VERSION = 5.0;
				TARGETED_DEVICE_FAMILY = "1,2";
				TEST_TARGET_NAME = DungeonFinal;
			};
			name = Release;
		};
/* End XCBuildConfiguration section */

/* Begin XCConfigurationList section */
		6ABD29832641959B00DC60C3 /* Build configuration list for PBXProject "DungeonFinal" */ = {
			isa = XCConfigurationList;
			buildConfigurations = (
				6ABD29B12641959C00DC60C3 /* Debug */,
				6ABD29B22641959C00DC60C3 /* Release */,
			);
			defaultConfigurationIsVisible = 0;
			defaultConfigurationName = Release;
		};
		6ABD29B32641959C00DC60C3 /* Build configuration list for PBXNativeTarget "DungeonFinal" */ = {
			isa = XCConfigurationList;
			buildConfigurations = (
				6ABD29B42641959C00DC60C3 /* Debug */,
				6ABD29B52641959C00DC60C3 /* Release */,
			);
			defaultConfigurationIsVisible = 0;
			defaultConfigurationName = Release;
		};
		6ABD29B62641959C00DC60C3 /* Build configuration list for PBXNativeTarget "DungeonFinalTests" */ = {
			isa = XCConfigurationList;
			buildConfigurations = (
				6ABD29B72641959C00DC60C3 /* Debug */,
				6ABD29B82641959C00DC60C3 /* Release */,
			);
			defaultConfigurationIsVisible = 0;
			defaultConfigurationName = Release;
		};
		6ABD29B92641959C00DC60C3 /* Build configuration list for PBXNativeTarget "DungeonFinalUITests" */ = {
			isa = XCConfigurationList;
			buildConfigurations = (
				6ABD29BA2641959C00DC60C3 /* Debug */,
				6ABD29BB2641959C00DC60C3 /* Release */,
			);
			defaultConfigurationIsVisible = 0;
			defaultConfigurationName = Release;
		};
/* End XCConfigurationList section */
	};
	rootObject = 6ABD29802641959B00DC60C3 /* Project object */;
}
